<?xml version="1.0" encoding="utf-8"?>
<Project ToolsVersion="4.0" xmlns="http://schemas.microsoft.com/developer/msbuild/2003">
  <ItemGroup>
    <Filter Include="Source Files">
      <UniqueIdentifier>{4FC737F1-C7A5-4376-A066-2A32D752A2FF}</UniqueIdentifier>
      <Extensions>cpp;c;cc;cxx;def;odl;idl;hpj;bat;asm;asmx</Extensions>
    </Filter>
    <Filter Include="Header Files">
      <UniqueIdentifier>{93995380-89BD-4b04-88EB-625FBE52EBFB}</UniqueIdentifier>
      <Extensions>h;hh;hpp;hxx;hm;inl;inc;ipp;xsd</Extensions>
    </Filter>
    <Filter Include="Resource Files">
      <UniqueIdentifier>{67DA6AB6-F800-4c08-8B7A-83BB121AAD01}</UniqueIdentifier>
      <Extensions>rc;ico;cur;bmp;dlg;rc2;rct;bin;rgs;gif;jpg;jpeg;jpe;resx;tiff;tif;png;wav;mfcribbon-ms</Extensions>
    </Filter>
    <Filter Include="Shaders">
      <UniqueIdentifier>{e9873034-0da5-485a-b566-24e402e1ff64}</UniqueIdentifier>
    </Filter>
    <Filter Include="Source Files\objects">
      <UniqueIdentifier>{de4a2440-b39d-417c-aaa6-7d16d6d97c4e}</UniqueIdentifier>
    </Filter>
  </ItemGroup>
  <ItemGroup>
    <ClCompile Include="glad.c">
      <Filter>Source Files</Filter>
    </ClCompile>
    <ClCompile Include="utils.cpp">
      <Filter>Source Files</Filter>
    </ClCompile>
    <ClCompile Include="shader.cpp">
      <Filter>Source Files</Filter>
    </ClCompile>
    <ClCompile Include="stbimage.cpp">
      <Filter>Source Files</Filter>
    </ClCompile>
    <ClCompile Include="program.cpp">
      <Filter>Source Files</Filter>
    </ClCompile>
    <ClCompile Include="camera.cpp">
      <Filter>Source Files</Filter>
    </ClCompile>
    <ClCompile Include="cube.cpp">
      <Filter>Source Files\objects</Filter>
    </ClCompile>
    <ClCompile Include="drawable.cpp">
      <Filter>Source Files\objects</Filter>
    </ClCompile>
    <ClCompile Include="worldTile.cpp">
      <Filter>Source Files\objects</Filter>
    </ClCompile>
    <ClCompile Include="Character.cpp">
      <Filter>Source Files</Filter>
    </ClCompile>
    <ClCompile Include="textItem.cpp">
      <Filter>Source Files\objects</Filter>
    </ClCompile>
  </ItemGroup>
  <ItemGroup>
    <None Include="4.1.texture.fs">
      <Filter>Shaders</Filter>
    </None>
    <None Include="4.1.texture.vs">
      <Filter>Shaders</Filter>
    </None>
    <None Include="3.3.shader.vs">
      <Filter>Shaders</Filter>
    </None>
    <None Include="3.3.shader.fs">
      <Filter>Shaders</Filter>
    </None>
    <None Include="cube.shader.fs">
      <Filter>Shaders</Filter>
    </None>
    <None Include="cube.shader.vs">
      <Filter>Shaders</Filter>
    </None>
    <None Include="instance.shader.vs">
      <Filter>Shaders</Filter>
    </None>
    <None Include="instance.shader.fs">
      <Filter>Shaders</Filter>
    </None>
    <None Include="text.shader.fs">
      <Filter>Shaders</Filter>
    </None>
    <None Include="text.shader.vs">
      <Filter>Shaders</Filter>
    </None>
  </ItemGroup>
  <ItemGroup>
    <ClInclude Include="stb_image.h">
      <Filter>Header Files</Filter>
    </ClInclude>
    <ClInclude Include="cube.h">
      <Filter>Header Files</Filter>
    </ClInclude>
    <ClInclude Include="drawable.h">
      <Filter>Header Files</Filter>
    </ClInclude>
    <ClInclude Include="worldTile.h">
      <Filter>Header Files</Filter>
    </ClInclude>
    <ClInclude Include="textItem.h">
      <Filter>Header Files</Filter>
    </ClInclude>
  </ItemGroup>
  <ItemGroup>
    <Image Include="wall.jpg">
      <Filter>Resource Files</Filter>
    </Image>
  </ItemGroup>
</Project>